<?xml version="1.0" encoding="utf-8"?>
<Project ToolsVersion="4.0" xmlns="http://schemas.microsoft.com/developer/msbuild/2003">
  <ItemGroup>
    <Filter Include="Zdrojové soubory">
      <UniqueIdentifier>{4FC737F1-C7A5-4376-A066-2A32D752A2FF}</UniqueIdentifier>
      <Extensions>cpp;c;cc;cxx;c++;cppm;ixx;def;odl;idl;hpj;bat;asm;asmx</Extensions>
    </Filter>
    <Filter Include="Hlavičkové soubory">
      <UniqueIdentifier>{93995380-89BD-4b04-88EB-625FBE52EBFB}</UniqueIdentifier>
      <Extensions>h;hh;hpp;hxx;h++;hm;inl;inc;ipp;xsd</Extensions>
    </Filter>
  </ItemGroup>
  <ItemGroup>
    <ClInclude Include="Seznam.h">
      <Filter>Hlavičkové soubory</Filter>
    </ClInclude>
    <ClInclude Include="Sorting.h">
      <Filter>Hlavičkové soubory</Filter>
    </ClInclude>
    <ClInclude Include="EndianMath.h">
      <Filter>Hlavičkové soubory</Filter>
    </ClInclude>
    <ClInclude Include="EulerMath.h">
      <Filter>Hlavičkové soubory</Filter>
    </ClInclude>
    <ClInclude Include="FileImport.h">
      <Filter>Hlavičkové soubory</Filter>
    </ClInclude>
    <ClInclude Include="HashMap.h">
      <Filter>Hlavičkové soubory</Filter>
    </ClInclude>
  </ItemGroup>
  <ItemGroup>
    <ClCompile Include="Seznam.c">
      <Filter>Zdrojové soubory</Filter>
    </ClCompile>
    <ClCompile Include="Sorting.c">
      <Filter>Zdrojové soubory</Filter>
    </ClCompile>
    <ClCompile Include="EndianMath.c">
      <Filter>Zdrojové soubory</Filter>
    </ClCompile>
    <ClCompile Include="EulerMath.c">
      <Filter>Zdrojové soubory</Filter>
    </ClCompile>
    <ClCompile Include="FileImport.c">
      <Filter>Zdrojové soubory</Filter>
    </ClCompile>
    <ClCompile Include="HashMap.c">
      <Filter>Zdrojové soubory</Filter>
    </ClCompile>
    <ClCompile Include="Main.c">
      <Filter>Zdrojové soubory</Filter>
    </ClCompile>
  </ItemGroup>
</Project>